// !$*UTF8*$!
{
	archiveVersion = 1;
	classes = {
	};
	objectVersion = 50;
	objects = {

/* Begin PBXBuildFile section */
		96058ABA28A6551800103303 /* AppDelegate.swift in Sources */ = {isa = PBXBuildFile; fileRef = 96058AB928A6551800103303 /* AppDelegate.swift */; };
		96058ABC28A6551800103303 /* SceneDelegate.swift in Sources */ = {isa = PBXBuildFile; fileRef = 96058ABB28A6551800103303 /* SceneDelegate.swift */; };
		96058ABE28A6551800103303 /* InfoViewController.swift in Sources */ = {isa = PBXBuildFile; fileRef = 96058ABD28A6551800103303 /* InfoViewController.swift */; };
		96058AC128A6551800103303 /* Main.storyboard in Resources */ = {isa = PBXBuildFile; fileRef = 96058ABF28A6551800103303 /* Main.storyboard */; };
		96058AC428A6551800103303 /* project_draft_1.xcdatamodeld in Sources */ = {isa = PBXBuildFile; fileRef = 96058AC228A6551800103303 /* project_draft_1.xcdatamodeld */; };
		96058AC628A6551A00103303 /* Assets.xcassets in Resources */ = {isa = PBXBuildFile; fileRef = 96058AC528A6551A00103303 /* Assets.xcassets */; };
		96058AC928A6551A00103303 /* LaunchScreen.storyboard in Resources */ = {isa = PBXBuildFile; fileRef = 96058AC728A6551A00103303 /* LaunchScreen.storyboard */; };
		966F852028A83970006AEE65 /* AStoryboard.storyboard in Resources */ = {isa = PBXBuildFile; fileRef = 966F851F28A83970006AEE65 /* AStoryboard.storyboard */; };
		966F852428A839A7006AEE65 /* BStoryboard.storyboard in Resources */ = {isa = PBXBuildFile; fileRef = 966F852328A839A7006AEE65 /* BStoryboard.storyboard */; };
		96839A9728A6D04B00631F02 /* TabsViewController.swift in Sources */ = {isa = PBXBuildFile; fileRef = 96839A9628A6D04B00631F02 /* TabsViewController.swift */; };
		968E4FCB28A87D4300F76988 /* Products.swift in Sources */ = {isa = PBXBuildFile; fileRef = 968E4FCA28A87D4300F76988 /* Products.swift */; };
		96B95B7628A6ACB500435780 /* SignUpViewController.swift in Sources */ = {isa = PBXBuildFile; fileRef = 96B95B7528A6ACB500435780 /* SignUpViewController.swift */; };
		96B95B7928A6ACD400435780 /* LogInViewController.swift in Sources */ = {isa = PBXBuildFile; fileRef = 96B95B7828A6ACD400435780 /* LogInViewController.swift */; };
		96B95B7D28A6ACEF00435780 /* CartViewController.swift in Sources */ = {isa = PBXBuildFile; fileRef = 96B95B7C28A6ACEF00435780 /* CartViewController.swift */; };
		96B95B8028A6AD0800435780 /* HomeViewController.swift in Sources */ = {isa = PBXBuildFile; fileRef = 96B95B7F28A6AD0800435780 /* HomeViewController.swift */; };
		96B95B8628A6B3A600435780 /* UserInfo+CoreDataClass.swift in Sources */ = {isa = PBXBuildFile; fileRef = 96B95B8428A6B3A600435780 /* UserInfo+CoreDataClass.swift */; };
		96B95B8728A6B3A600435780 /* UserInfo+CoreDataProperties.swift in Sources */ = {isa = PBXBuildFile; fileRef = 96B95B8528A6B3A600435780 /* UserInfo+CoreDataProperties.swift */; };
/* End PBXBuildFile section */

/* Begin PBXFileReference section */
		96058AB628A6551800103303 /* project draft 1.app */ = {isa = PBXFileReference; explicitFileType = wrapper.application; includeInIndex = 0; path = "project draft 1.app"; sourceTree = BUILT_PRODUCTS_DIR; };
		96058AB928A6551800103303 /* AppDelegate.swift */ = {isa = PBXFileReference; lastKnownFileType = sourcecode.swift; path = AppDelegate.swift; sourceTree = "<group>"; };
		96058ABB28A6551800103303 /* SceneDelegate.swift */ = {isa = PBXFileReference; lastKnownFileType = sourcecode.swift; path = SceneDelegate.swift; sourceTree = "<group>"; };
		96058ABD28A6551800103303 /* InfoViewController.swift */ = {isa = PBXFileReference; lastKnownFileType = sourcecode.swift; path = InfoViewController.swift; sourceTree = "<group>"; };
		96058AC028A6551800103303 /* Base */ = {isa = PBXFileReference; lastKnownFileType = file.storyboard; name = Base; path = Base.lproj/Main.storyboard; sourceTree = "<group>"; };
		96058AC328A6551800103303 /* project_draft_1.xcdatamodel */ = {isa = PBXFileReference; lastKnownFileType = wrapper.xcdatamodel; path = project_draft_1.xcdatamodel; sourceTree = "<group>"; };
		96058AC528A6551A00103303 /* Assets.xcassets */ = {isa = PBXFileReference; lastKnownFileType = folder.assetcatalog; path = Assets.xcassets; sourceTree = "<group>"; };
		96058AC828A6551A00103303 /* Base */ = {isa = PBXFileReference; lastKnownFileType = file.storyboard; name = Base; path = Base.lproj/LaunchScreen.storyboard; sourceTree = "<group>"; };
		96058ACA28A6551A00103303 /* Info.plist */ = {isa = PBXFileReference; lastKnownFileType = text.plist.xml; path = Info.plist; sourceTree = "<group>"; };
		966F851F28A83970006AEE65 /* AStoryboard.storyboard */ = {isa = PBXFileReference; lastKnownFileType = file.storyboard; path = AStoryboard.storyboard; sourceTree = "<group>"; };
		966F852328A839A7006AEE65 /* BStoryboard.storyboard */ = {isa = PBXFileReference; lastKnownFileType = file.storyboard; path = BStoryboard.storyboard; sourceTree = "<group>"; };
		96839A9628A6D04B00631F02 /* TabsViewController.swift */ = {isa = PBXFileReference; lastKnownFileType = sourcecode.swift; path = TabsViewController.swift; sourceTree = "<group>"; };
		968E4FCA28A87D4300F76988 /* Products.swift */ = {isa = PBXFileReference; lastKnownFileType = sourcecode.swift; path = Products.swift; sourceTree = "<group>"; };
		96B95B7528A6ACB500435780 /* SignUpViewController.swift */ = {isa = PBXFileReference; lastKnownFileType = sourcecode.swift; path = SignUpViewController.swift; sourceTree = "<group>"; };
		96B95B7828A6ACD400435780 /* LogInViewController.swift */ = {isa = PBXFileReference; lastKnownFileType = sourcecode.swift; path = LogInViewController.swift; sourceTree = "<group>"; };
		96B95B7C28A6ACEF00435780 /* CartViewController.swift */ = {isa = PBXFileReference; lastKnownFileType = sourcecode.swift; path = CartViewController.swift; sourceTree = "<group>"; };
		96B95B7F28A6AD0800435780 /* HomeViewController.swift */ = {isa = PBXFileReference; lastKnownFileType = sourcecode.swift; path = HomeViewController.swift; sourceTree = "<group>"; };
		96B95B8428A6B3A600435780 /* UserInfo+CoreDataClass.swift */ = {isa = PBXFileReference; lastKnownFileType = sourcecode.swift; path = "UserInfo+CoreDataClass.swift"; sourceTree = "<group>"; };
		96B95B8528A6B3A600435780 /* UserInfo+CoreDataProperties.swift */ = {isa = PBXFileReference; lastKnownFileType = sourcecode.swift; path = "UserInfo+CoreDataProperties.swift"; sourceTree = "<group>"; };
/* End PBXFileReference section */

/* Begin PBXFrameworksBuildPhase section */
		96058AB328A6551800103303 /* Frameworks */ = {
			isa = PBXFrameworksBuildPhase;
			buildActionMask = 2147483647;
			files = (
			);
			runOnlyForDeploymentPostprocessing = 0;
		};
/* End PBXFrameworksBuildPhase section */

/* Begin PBXGroup section */
		96058AAD28A6551800103303 = {
			isa = PBXGroup;
			children = (
				96B95B8428A6B3A600435780 /* UserInfo+CoreDataClass.swift */,
				96B95B8528A6B3A600435780 /* UserInfo+CoreDataProperties.swift */,
				96058AB828A6551800103303 /* project draft 1 */,
				96058AB728A6551800103303 /* Products */,
			);
			sourceTree = "<group>";
		};
		96058AB728A6551800103303 /* Products */ = {
			isa = PBXGroup;
			children = (
				96058AB628A6551800103303 /* project draft 1.app */,
			);
			name = Products;
			sourceTree = "<group>";
		};
		96058AB828A6551800103303 /* project draft 1 */ = {
			isa = PBXGroup;
			children = (
				968E4FCD28A87D5F00F76988 /* Main */,
				96058AB928A6551800103303 /* AppDelegate.swift */,
				96058ABB28A6551800103303 /* SceneDelegate.swift */,
				96B95B7C28A6ACEF00435780 /* CartViewController.swift */,
				968E4FD028A87DA200F76988 /* Group A */,
				966F852328A839A7006AEE65 /* BStoryboard.storyboard */,
				96058AC528A6551A00103303 /* Assets.xcassets */,
				96058AC728A6551A00103303 /* LaunchScreen.storyboard */,
				96058ACA28A6551A00103303 /* Info.plist */,
				96058AC228A6551800103303 /* project_draft_1.xcdatamodeld */,
				96839A9628A6D04B00631F02 /* TabsViewController.swift */,
			);
			path = "project draft 1";
			sourceTree = "<group>";
		};
		968E4FCD28A87D5F00F76988 /* Main */ = {
			isa = PBXGroup;
			children = (
				96058ABF28A6551800103303 /* Main.storyboard */,
				96B95B7F28A6AD0800435780 /* HomeViewController.swift */,
				96058ABD28A6551800103303 /* InfoViewController.swift */,
				96B95B7828A6ACD400435780 /* LogInViewController.swift */,
				96B95B7528A6ACB500435780 /* SignUpViewController.swift */,
			);
			path = Main;
			sourceTree = "<group>";
		};
		968E4FD028A87DA200F76988 /* Group A */ = {
			isa = PBXGroup;
			children = (
				966F851F28A83970006AEE65 /* AStoryboard.storyboard */,
				968E4FCA28A87D4300F76988 /* Products.swift */,
			);
			path = "Group A";
			sourceTree = "<group>";
		};
/* End PBXGroup section */

/* Begin PBXNativeTarget section */
		96058AB528A6551800103303 /* project draft 1 */ = {
			isa = PBXNativeTarget;
			buildConfigurationList = 96058ACD28A6551A00103303 /* Build configuration list for PBXNativeTarget "project draft 1" */;
			buildPhases = (
				96058AB228A6551800103303 /* Sources */,
				96058AB328A6551800103303 /* Frameworks */,
				96058AB428A6551800103303 /* Resources */,
			);
			buildRules = (
			);
			dependencies = (
			);
			name = "project draft 1";
			productName = "project draft 1";
			productReference = 96058AB628A6551800103303 /* project draft 1.app */;
			productType = "com.apple.product-type.application";
		};
/* End PBXNativeTarget section */

/* Begin PBXProject section */
		96058AAE28A6551800103303 /* Project object */ = {
			isa = PBXProject;
			attributes = {
				LastSwiftUpdateCheck = 1240;
				LastUpgradeCheck = 1240;
				TargetAttributes = {
					96058AB528A6551800103303 = {
						CreatedOnToolsVersion = 12.4;
					};
				};
			};
			buildConfigurationList = 96058AB128A6551800103303 /* Build configuration list for PBXProject "project draft 1" */;
			compatibilityVersion = "Xcode 9.3";
			developmentRegion = en;
			hasScannedForEncodings = 0;
			knownRegions = (
				en,
				Base,
			);
			mainGroup = 96058AAD28A6551800103303;
			productRefGroup = 96058AB728A6551800103303 /* Products */;
			projectDirPath = "";
			projectRoot = "";
			targets = (
				96058AB528A6551800103303 /* project draft 1 */,
			);
		};
/* End PBXProject section */

/* Begin PBXResourcesBuildPhase section */
		96058AB428A6551800103303 /* Resources */ = {
			isa = PBXResourcesBuildPhase;
			buildActionMask = 2147483647;
			files = (
				96058AC928A6551A00103303 /* LaunchScreen.storyboard in Resources */,
				96058AC628A6551A00103303 /* Assets.xcassets in Resources */,
				966F852428A839A7006AEE65 /* BStoryboard.storyboard in Resources */,
				966F852028A83970006AEE65 /* AStoryboard.storyboard in Resources */,
				96058AC128A6551800103303 /* Main.storyboard in Resources */,
			);
			runOnlyForDeploymentPostprocessing = 0;
		};
/* End PBXResourcesBuildPhase section */

/* Begin PBXSourcesBuildPhase section */
		96058AB228A6551800103303 /* Sources */ = {
			isa = PBXSourcesBuildPhase;
			buildActionMask = 2147483647;
			files = (
				96B95B8728A6B3A600435780 /* UserInfo+CoreDataProperties.swift in Sources */,
				96058ABE28A6551800103303 /* InfoViewController.swift in Sources */,
				96058ABA28A6551800103303 /* AppDelegate.swift in Sources */,
				96B95B8628A6B3A600435780 /* UserInfo+CoreDataClass.swift in Sources */,
				96B95B7D28A6ACEF00435780 /* CartViewController.swift in Sources */,
				96839A9728A6D04B00631F02 /* TabsViewController.swift in Sources */,
				96B95B8028A6AD0800435780 /* HomeViewController.swift in Sources */,
				96B95B7928A6ACD400435780 /* LogInViewController.swift in Sources */,
				96058ABC28A6551800103303 /* SceneDelegate.swift in Sources */,
				968E4FCB28A87D4300F76988 /* Products.swift in Sources */,
				96058AC428A6551800103303 /* project_draft_1.xcdatamodeld in Sources */,
				96B95B7628A6ACB500435780 /* SignUpViewController.swift in Sources */,
			);
			runOnlyForDeploymentPostprocessing = 0;
		};
/* End PBXSourcesBuildPhase section */

/* Begin PBXVariantGroup section */
		96058ABF28A6551800103303 /* Main.storyboard */ = {
			isa = PBXVariantGroup;
			children = (
				96058AC028A6551800103303 /* Base */,
			);
			name = Main.storyboard;
			sourceTree = "<group>";
		};
		96058AC728A6551A00103303 /* LaunchScreen.storyboard */ = {
			isa = PBXVariantGroup;
			children = (
				96058AC828A6551A00103303 /* Base */,
			);
			name = LaunchScreen.storyboard;
			sourceTree = "<group>";
		};
/* End PBXVariantGroup section */

/* Begin XCBuildConfiguration section */
		96058ACB28A6551A00103303 /* Debug */ = {
			isa = XCBuildConfiguration;
			buildSettings = {
				ALWAYS_SEARCH_USER_PATHS = NO;
				CLANG_ANALYZER_NONNULL = YES;
				CLANG_ANALYZER_NUMBER_OBJECT_CONVERSION = YES_AGGRESSIVE;
				CLANG_CXX_LANGUAGE_STANDARD = "gnu++14";
				CLANG_CXX_LIBRARY = "libc++";
				CLANG_ENABLE_MODULES = YES;
				CLANG_ENABLE_OBJC_ARC = YES;
				CLANG_ENABLE_OBJC_WEAK = YES;
				CLANG_WARN_BLOCK_CAPTURE_AUTORELEASING = YES;
				CLANG_WARN_BOOL_CONVERSION = YES;
				CLANG_WARN_COMMA = YES;
				CLANG_WARN_CONSTANT_CONVERSION = YES;
				CLANG_WARN_DEPRECATED_OBJC_IMPLEMENTATIONS = YES;
				CLANG_WARN_DIRECT_OBJC_ISA_USAGE = YES_ERROR;
				CLANG_WARN_DOCUMENTATION_COMMENTS = YES;
				CLANG_WARN_EMPTY_BODY = YES;
				CLANG_WARN_ENUM_CONVERSION = YES;
				CLANG_WARN_INFINITE_RECURSION = YES;
				CLANG_WARN_INT_CONVERSION = YES;
				CLANG_WARN_NON_LITERAL_NULL_CONVERSION = YES;
				CLANG_WARN_OBJC_IMPLICIT_RETAIN_SELF = YES;
				CLANG_WARN_OBJC_LITERAL_CONVERSION = YES;
				CLANG_WARN_OBJC_ROOT_CLASS = YES_ERROR;
				CLANG_WARN_QUOTED_INCLUDE_IN_FRAMEWORK_HEADER = YES;
				CLANG_WARN_RANGE_LOOP_ANALYSIS = YES;
				CLANG_WARN_STRICT_PROTOTYPES = YES;
				CLANG_WARN_SUSPICIOUS_MOVE = YES;
				CLANG_WARN_UNGUARDED_AVAILABILITY = YES_AGGRESSIVE;
				CLANG_WARN_UNREACHABLE_CODE = YES;
				CLANG_WARN__DUPLICATE_METHOD_MATCH = YES;
				COPY_PHASE_STRIP = NO;
				DEBUG_INFORMATION_FORMAT = dwarf;
				ENABLE_STRICT_OBJC_MSGSEND = YES;
				ENABLE_TESTABILITY = YES;
				GCC_C_LANGUAGE_STANDARD = gnu11;
				GCC_DYNAMIC_NO_PIC = NO;
				GCC_NO_COMMON_BLOCKS = YES;
				GCC_OPTIMIZATION_LEVEL = 0;
				GCC_PREPROCESSOR_DEFINITIONS = (
					"DEBUG=1",
					"$(inherited)",
				);
				GCC_WARN_64_TO_32_BIT_CONVERSION = YES;
				GCC_WARN_ABOUT_RETURN_TYPE = YES_ERROR;
				GCC_WARN_UNDECLARED_SELECTOR = YES;
				GCC_WARN_UNINITIALIZED_AUTOS = YES_AGGRESSIVE;
				GCC_WARN_UNUSED_FUNCTION = YES;
				GCC_WARN_UNUSED_VARIABLE = YES;
				IPHONEOS_DEPLOYMENT_TARGET = 14.4;
				MTL_ENABLE_DEBUG_INFO = INCLUDE_SOURCE;
				MTL_FAST_MATH = YES;
				ONLY_ACTIVE_ARCH = YES;
				SDKROOT = iphoneos;
				SWIFT_ACTIVE_COMPILATION_CONDITIONS = DEBUG;
				SWIFT_OPTIMIZATION_LEVEL = "-Onone";
			};
			name = Debug;
		};
		96058ACC28A6551A00103303 /* Release */ = {
			isa = XCBuildConfiguration;
			buildSettings = {
				ALWAYS_SEARCH_USER_PATHS = NO;
				CLANG_ANALYZER_NONNULL = YES;
				CLANG_ANALYZER_NUMBER_OBJECT_CONVERSION = YES_AGGRESSIVE;
				CLANG_CXX_LANGUAGE_STANDARD = "gnu++14";
				CLANG_CXX_LIBRARY = "libc++";
				CLANG_ENABLE_MODULES = YES;
				CLANG_ENABLE_OBJC_ARC = YES;
				CLANG_ENABLE_OBJC_WEAK = YES;
				CLANG_WARN_BLOCK_CAPTURE_AUTORELEASING = YES;
				CLANG_WARN_BOOL_CONVERSION = YES;
				CLANG_WARN_COMMA = YES;
				CLANG_WARN_CONSTANT_CONVERSION = YES;
				CLANG_WARN_DEPRECATED_OBJC_IMPLEMENTATIONS = YES;
				CLANG_WARN_DIRECT_OBJC_ISA_USAGE = YES_ERROR;
				CLANG_WARN_DOCUMENTATION_COMMENTS = YES;
				CLANG_WARN_EMPTY_BODY = YES;
				CLANG_WARN_ENUM_CONVERSION = YES;
				CLANG_WARN_INFINITE_RECURSION = YES;
				CLANG_WARN_INT_CONVERSION = YES;
				CLANG_WARN_NON_LITERAL_NULL_CONVERSION = YES;
				CLANG_WARN_OBJC_IMPLICIT_RETAIN_SELF = YES;
				CLANG_WARN_OBJC_LITERAL_CONVERSION = YES;
				CLANG_WARN_OBJC_ROOT_CLASS = YES_ERROR;
				CLANG_WARN_QUOTED_INCLUDE_IN_FRAMEWORK_HEADER = YES;
				CLANG_WARN_RANGE_LOOP_ANALYSIS = YES;
				CLANG_WARN_STRICT_PROTOTYPES = YES;
				CLANG_WARN_SUSPICIOUS_MOVE = YES;
				CLANG_WARN_UNGUARDED_AVAILABILITY = YES_AGGRESSIVE;
				CLANG_WARN_UNREACHABLE_CODE = YES;
				CLANG_WARN__DUPLICATE_METHOD_MATCH = YES;
				COPY_PHASE_STRIP = NO;
				DEBUG_INFORMATION_FORMAT = "dwarf-with-dsym";
				ENABLE_NS_ASSERTIONS = NO;
				ENABLE_STRICT_OBJC_MSGSEND = YES;
				GCC_C_LANGUAGE_STANDARD = gnu11;
				GCC_NO_COMMON_BLOCKS = YES;
				GCC_WARN_64_TO_32_BIT_CONVERSION = YES;
				GCC_WARN_ABOUT_RETURN_TYPE = YES_ERROR;
				GCC_WARN_UNDECLARED_SELECTOR = YES;
				GCC_WARN_UNINITIALIZED_AUTOS = YES_AGGRESSIVE;
				GCC_WARN_UNUSED_FUNCTION = YES;
				GCC_WARN_UNUSED_VARIABLE = YES;
				IPHONEOS_DEPLOYMENT_TARGET = 14.4;
				MTL_ENABLE_DEBUG_INFO = NO;
				MTL_FAST_MATH = YES;
				SDKROOT = iphoneos;
				SWIFT_COMPILATION_MODE = wholemodule;
				SWIFT_OPTIMIZATION_LEVEL = "-O";
				VALIDATE_PRODUCT = YES;
			};
			name = Release;
		};
		96058ACE28A6551A00103303 /* Debug */ = {
			isa = XCBuildConfiguration;
			buildSettings = {
				ASSETCATALOG_COMPILER_APPICON_NAME = AppIcon;
				ASSETCATALOG_COMPILER_GLOBAL_ACCENT_COLOR_NAME = AccentColor;
				CODE_SIGN_STYLE = Automatic;
				INFOPLIST_FILE = "project draft 1/Info.plist";
				LD_RUNPATH_SEARCH_PATHS = (
					"$(inherited)",
					"@executable_path/Frameworks",
				);
				PRODUCT_BUNDLE_IDENTIFIER = "bankmisr.project-draft-1";
				PRODUCT_NAME = "$(TARGET_NAME)";
				SWIFT_VERSION = 5.0;
				TARGETED_DEVICE_FAMILY = "1,2";
			};
			name = Debug;
		};
		96058ACF28A6551A00103303 /* Release */ = {
			isa = XCBuildConfiguration;
			buildSettings = {
				ASSETCATALOG_COMPILER_APPICON_NAME = AppIcon;
				ASSETCATALOG_COMPILER_GLOBAL_ACCENT_COLOR_NAME = AccentColor;
				CODE_SIGN_STYLE = Automatic;
				INFOPLIST_FILE = "project draft 1/Info.plist";
				LD_RUNPATH_SEARCH_PATHS = (
					"$(inherited)",
					"@executable_path/Frameworks",
				);
				PRODUCT_BUNDLE_IDENTIFIER = "bankmisr.project-draft-1";
				PRODUCT_NAME = "$(TARGET_NAME)";
				SWIFT_VERSION = 5.0;
				TARGETED_DEVICE_FAMILY = "1,2";
			};
			name = Release;
		};
/* End XCBuildConfiguration section */

/* Begin XCConfigurationList section */
		96058AB128A6551800103303 /* Build configuration list for PBXProject "project draft 1" */ = {
			isa = XCConfigurationList;
			buildConfigurations = (
				96058ACB28A6551A00103303 /* Debug */,
				96058ACC28A6551A00103303 /* Release */,
			);
			defaultConfigurationIsVisible = 0;
			defaultConfigurationName = Release;
		};
		96058ACD28A6551A00103303 /* Build configuration list for PBXNativeTarget "project draft 1" */ = {
			isa = XCConfigurationList;
			buildConfigurations = (
				96058ACE28A6551A00103303 /* Debug */,
				96058ACF28A6551A00103303 /* Release */,
			);
			defaultConfigurationIsVisible = 0;
			defaultConfigurationName = Release;
		};
/* End XCConfigurationList section */

/* Begin XCVersionGroup section */
		96058AC228A6551800103303 /* project_draft_1.xcdatamodeld */ = {
			isa = XCVersionGroup;
			children = (
				96058AC328A6551800103303 /* project_draft_1.xcdatamodel */,
			);
			currentVersion = 96058AC328A6551800103303 /* project_draft_1.xcdatamodel */;
			path = project_draft_1.xcdatamodeld;
			sourceTree = "<group>";
			versionGroupType = wrapper.xcdatamodel;
		};
/* End XCVersionGroup section */
	};
	rootObject = 96058AAE28A6551800103303 /* Project object */;
}
